// !$*UTF8*$!
{
	archiveVersion = 1;
	classes = {
	};
	objectVersion = 46;
	objects = {

/* Begin PBXBuildFile section */
		0465DC3F92B0CD5A9264C0B8 /* Pods.framework in Frameworks */ = {isa = PBXBuildFile; fileRef = 5638DF4E3A8F67C9B012CCA2 /* Pods.framework */; };
		380DA53D1BE5420100976988 /* AppDelegate.swift in Sources */ = {isa = PBXBuildFile; fileRef = 380DA53C1BE5420100976988 /* AppDelegate.swift */; };
		380DA53F1BE5420100976988 /* ViewController.swift in Sources */ = {isa = PBXBuildFile; fileRef = 380DA53E1BE5420100976988 /* ViewController.swift */; };
		380DA5421BE5420100976988 /* Main.storyboard in Resources */ = {isa = PBXBuildFile; fileRef = 380DA5401BE5420100976988 /* Main.storyboard */; };
		380DA5451BE5420100976988 /* MuseumApp.xcdatamodeld in Sources */ = {isa = PBXBuildFile; fileRef = 380DA5431BE5420100976988 /* MuseumApp.xcdatamodeld */; };
		380DA5471BE5420100976988 /* Assets.xcassets in Resources */ = {isa = PBXBuildFile; fileRef = 380DA5461BE5420100976988 /* Assets.xcassets */; };
		380DA54A1BE5420100976988 /* LaunchScreen.storyboard in Resources */ = {isa = PBXBuildFile; fileRef = 380DA5481BE5420100976988 /* LaunchScreen.storyboard */; };
		380DA5551BE5420100976988 /* MuseumAppTests.swift in Sources */ = {isa = PBXBuildFile; fileRef = 380DA5541BE5420100976988 /* MuseumAppTests.swift */; };
		380DA5601BE5420100976988 /* MuseumAppUITests.swift in Sources */ = {isa = PBXBuildFile; fileRef = 380DA55F1BE5420100976988 /* MuseumAppUITests.swift */; };
		38115B4B1BF6396A00CCCE6D /* Media.xcassets in Resources */ = {isa = PBXBuildFile; fileRef = 38115B4A1BF6396A00CCCE6D /* Media.xcassets */; };
		382177701BEDBCC900DF782A /* ExhibitsTableViewCell.swift in Sources */ = {isa = PBXBuildFile; fileRef = 3821776F1BEDBCC900DF782A /* ExhibitsTableViewCell.swift */; };
		38728FA21C139CB700007ACE /* ExhibitViewControllerBase.swift in Sources */ = {isa = PBXBuildFile; fileRef = 38728FA11C139CB700007ACE /* ExhibitViewControllerBase.swift */; };
		38728FA41C139D6100007ACE /* ExhibitTextViewController.swift in Sources */ = {isa = PBXBuildFile; fileRef = 38728FA31C139D6100007ACE /* ExhibitTextViewController.swift */; };
		38728FA61C13A57800007ACE /* ExhibitImageViewController.swift in Sources */ = {isa = PBXBuildFile; fileRef = 38728FA51C13A57800007ACE /* ExhibitImageViewController.swift */; };
		38728FA81C13A58F00007ACE /* ExhibitVideoViewController.swift in Sources */ = {isa = PBXBuildFile; fileRef = 38728FA71C13A58F00007ACE /* ExhibitVideoViewController.swift */; };
		38728FAA1C13A5A600007ACE /* ExhibitAudioViewController.swift in Sources */ = {isa = PBXBuildFile; fileRef = 38728FA91C13A5A600007ACE /* ExhibitAudioViewController.swift */; };
		38728FAC1C13A5C300007ACE /* ExhibitWebViewController.swift in Sources */ = {isa = PBXBuildFile; fileRef = 38728FAB1C13A5C300007ACE /* ExhibitWebViewController.swift */; };
		38728FAE1C14CA5D00007ACE /* EventsTableViewController.swift in Sources */ = {isa = PBXBuildFile; fileRef = 38728FAD1C14CA5D00007ACE /* EventsTableViewController.swift */; };
		38728FB21C14D8AF00007ACE /* EventsTableViewCell.swift in Sources */ = {isa = PBXBuildFile; fileRef = 38728FB11C14D8AF00007ACE /* EventsTableViewCell.swift */; };
		38AF091F1C1C7E4100B85F75 /* NetworkHandler.swift in Sources */ = {isa = PBXBuildFile; fileRef = 38AF091E1C1C7E4100B85F75 /* NetworkHandler.swift */; };
		38AF09211C1CF9F400B85F75 /* Updater.swift in Sources */ = {isa = PBXBuildFile; fileRef = 38AF09201C1CF9F400B85F75 /* Updater.swift */; };
		38AF09251C1E049000B85F75 /* VideoManager.swift in Sources */ = {isa = PBXBuildFile; fileRef = 38AF09241C1E049000B85F75 /* VideoManager.swift */; };
		38AF09271C1E177D00B85F75 /* VideoPlayerViewController.swift in Sources */ = {isa = PBXBuildFile; fileRef = 38AF09261C1E177D00B85F75 /* VideoPlayerViewController.swift */; };
		38DD27421C1382B300470A11 /* DataModels.swift in Sources */ = {isa = PBXBuildFile; fileRef = 38DD27411C1382B300470A11 /* DataModels.swift */; };
		38DD27431C13830200470A11 /* ExhibitsTableViewController.swift in Sources */ = {isa = PBXBuildFile; fileRef = 382177711BEDBCEF00DF782A /* ExhibitsTableViewController.swift */; };
		38EBEB721BE6F53900B8A05A /* MainTableViewController.swift in Sources */ = {isa = PBXBuildFile; fileRef = 38EBEB711BE6F53900B8A05A /* MainTableViewController.swift */; };
		38EBEB761BE6FB9800B8A05A /* MainTableViewCell.swift in Sources */ = {isa = PBXBuildFile; fileRef = 38EBEB751BE6FB9800B8A05A /* MainTableViewCell.swift */; };
/* End PBXBuildFile section */

/* Begin PBXContainerItemProxy section */
		380DA5511BE5420100976988 /* PBXContainerItemProxy */ = {
			isa = PBXContainerItemProxy;
			containerPortal = 380DA5311BE5420100976988 /* Project object */;
			proxyType = 1;
			remoteGlobalIDString = 380DA5381BE5420100976988;
			remoteInfo = MuseumApp;
		};
		380DA55C1BE5420100976988 /* PBXContainerItemProxy */ = {
			isa = PBXContainerItemProxy;
			containerPortal = 380DA5311BE5420100976988 /* Project object */;
			proxyType = 1;
			remoteGlobalIDString = 380DA5381BE5420100976988;
			remoteInfo = MuseumApp;
		};
/* End PBXContainerItemProxy section */

/* Begin PBXFileReference section */
		380DA5391BE5420100976988 /* MuseumApp.app */ = {isa = PBXFileReference; explicitFileType = wrapper.application; includeInIndex = 0; path = MuseumApp.app; sourceTree = BUILT_PRODUCTS_DIR; };
		380DA53C1BE5420100976988 /* AppDelegate.swift */ = {isa = PBXFileReference; lastKnownFileType = sourcecode.swift; path = AppDelegate.swift; sourceTree = "<group>"; };
		380DA53E1BE5420100976988 /* ViewController.swift */ = {isa = PBXFileReference; lastKnownFileType = sourcecode.swift; path = ViewController.swift; sourceTree = "<group>"; };
		380DA5411BE5420100976988 /* Base */ = {isa = PBXFileReference; lastKnownFileType = file.storyboard; name = Base; path = Base.lproj/Main.storyboard; sourceTree = "<group>"; };
		380DA5441BE5420100976988 /* MuseumApp.xcdatamodel */ = {isa = PBXFileReference; lastKnownFileType = wrapper.xcdatamodel; path = MuseumApp.xcdatamodel; sourceTree = "<group>"; };
		380DA5461BE5420100976988 /* Assets.xcassets */ = {isa = PBXFileReference; lastKnownFileType = folder.assetcatalog; path = Assets.xcassets; sourceTree = "<group>"; };
		380DA5491BE5420100976988 /* Base */ = {isa = PBXFileReference; lastKnownFileType = file.storyboard; name = Base; path = Base.lproj/LaunchScreen.storyboard; sourceTree = "<group>"; };
		380DA54B1BE5420100976988 /* Info.plist */ = {isa = PBXFileReference; lastKnownFileType = text.plist.xml; path = Info.plist; sourceTree = "<group>"; };
		380DA5501BE5420100976988 /* MuseumAppTests.xctest */ = {isa = PBXFileReference; explicitFileType = wrapper.cfbundle; includeInIndex = 0; path = MuseumAppTests.xctest; sourceTree = BUILT_PRODUCTS_DIR; };
		380DA5541BE5420100976988 /* MuseumAppTests.swift */ = {isa = PBXFileReference; lastKnownFileType = sourcecode.swift; path = MuseumAppTests.swift; sourceTree = "<group>"; };
		380DA5561BE5420100976988 /* Info.plist */ = {isa = PBXFileReference; lastKnownFileType = text.plist.xml; path = Info.plist; sourceTree = "<group>"; };
		380DA55B1BE5420100976988 /* MuseumAppUITests.xctest */ = {isa = PBXFileReference; explicitFileType = wrapper.cfbundle; includeInIndex = 0; path = MuseumAppUITests.xctest; sourceTree = BUILT_PRODUCTS_DIR; };
		380DA55F1BE5420100976988 /* MuseumAppUITests.swift */ = {isa = PBXFileReference; lastKnownFileType = sourcecode.swift; path = MuseumAppUITests.swift; sourceTree = "<group>"; };
		380DA5611BE5420100976988 /* Info.plist */ = {isa = PBXFileReference; lastKnownFileType = text.plist.xml; path = Info.plist; sourceTree = "<group>"; };
		38115B4A1BF6396A00CCCE6D /* Media.xcassets */ = {isa = PBXFileReference; lastKnownFileType = folder.assetcatalog; path = Media.xcassets; sourceTree = "<group>"; };
		3821776F1BEDBCC900DF782A /* ExhibitsTableViewCell.swift */ = {isa = PBXFileReference; fileEncoding = 4; lastKnownFileType = sourcecode.swift; path = ExhibitsTableViewCell.swift; sourceTree = "<group>"; };
		382177711BEDBCEF00DF782A /* ExhibitsTableViewController.swift */ = {isa = PBXFileReference; fileEncoding = 4; lastKnownFileType = sourcecode.swift; path = ExhibitsTableViewController.swift; sourceTree = "<group>"; };
		38728FA11C139CB700007ACE /* ExhibitViewControllerBase.swift */ = {isa = PBXFileReference; fileEncoding = 4; lastKnownFileType = sourcecode.swift; path = ExhibitViewControllerBase.swift; sourceTree = "<group>"; };
		38728FA31C139D6100007ACE /* ExhibitTextViewController.swift */ = {isa = PBXFileReference; fileEncoding = 4; lastKnownFileType = sourcecode.swift; path = ExhibitTextViewController.swift; sourceTree = "<group>"; };
		38728FA51C13A57800007ACE /* ExhibitImageViewController.swift */ = {isa = PBXFileReference; fileEncoding = 4; lastKnownFileType = sourcecode.swift; path = ExhibitImageViewController.swift; sourceTree = "<group>"; };
		38728FA71C13A58F00007ACE /* ExhibitVideoViewController.swift */ = {isa = PBXFileReference; fileEncoding = 4; lastKnownFileType = sourcecode.swift; path = ExhibitVideoViewController.swift; sourceTree = "<group>"; };
		38728FA91C13A5A600007ACE /* ExhibitAudioViewController.swift */ = {isa = PBXFileReference; fileEncoding = 4; lastKnownFileType = sourcecode.swift; path = ExhibitAudioViewController.swift; sourceTree = "<group>"; };
		38728FAB1C13A5C300007ACE /* ExhibitWebViewController.swift */ = {isa = PBXFileReference; fileEncoding = 4; lastKnownFileType = sourcecode.swift; path = ExhibitWebViewController.swift; sourceTree = "<group>"; };
		38728FAD1C14CA5D00007ACE /* EventsTableViewController.swift */ = {isa = PBXFileReference; fileEncoding = 4; lastKnownFileType = sourcecode.swift; path = EventsTableViewController.swift; sourceTree = "<group>"; };
		38728FB11C14D8AF00007ACE /* EventsTableViewCell.swift */ = {isa = PBXFileReference; fileEncoding = 4; lastKnownFileType = sourcecode.swift; path = EventsTableViewCell.swift; sourceTree = "<group>"; };
		38AF091E1C1C7E4100B85F75 /* NetworkHandler.swift */ = {isa = PBXFileReference; fileEncoding = 4; lastKnownFileType = sourcecode.swift; path = NetworkHandler.swift; sourceTree = "<group>"; };
		38AF09201C1CF9F400B85F75 /* Updater.swift */ = {isa = PBXFileReference; fileEncoding = 4; lastKnownFileType = sourcecode.swift; path = Updater.swift; sourceTree = "<group>"; };
		38AF09241C1E049000B85F75 /* VideoManager.swift */ = {isa = PBXFileReference; fileEncoding = 4; lastKnownFileType = sourcecode.swift; path = VideoManager.swift; sourceTree = "<group>"; };
		38AF09261C1E177D00B85F75 /* VideoPlayerViewController.swift */ = {isa = PBXFileReference; fileEncoding = 4; lastKnownFileType = sourcecode.swift; path = VideoPlayerViewController.swift; sourceTree = "<group>"; };
		38B181731C1686DA009A58B1 /* Config.xcconfig */ = {isa = PBXFileReference; lastKnownFileType = text.xcconfig; path = Config.xcconfig; sourceTree = "<group>"; };
		38DD27411C1382B300470A11 /* DataModels.swift */ = {isa = PBXFileReference; fileEncoding = 4; lastKnownFileType = sourcecode.swift; path = DataModels.swift; sourceTree = "<group>"; };
		38EBEB711BE6F53900B8A05A /* MainTableViewController.swift */ = {isa = PBXFileReference; fileEncoding = 4; lastKnownFileType = sourcecode.swift; path = MainTableViewController.swift; sourceTree = "<group>"; };
		38EBEB751BE6FB9800B8A05A /* MainTableViewCell.swift */ = {isa = PBXFileReference; fileEncoding = 4; lastKnownFileType = sourcecode.swift; path = MainTableViewCell.swift; sourceTree = "<group>"; };
		5638DF4E3A8F67C9B012CCA2 /* Pods.framework */ = {isa = PBXFileReference; explicitFileType = wrapper.framework; includeInIndex = 0; path = Pods.framework; sourceTree = BUILT_PRODUCTS_DIR; };
		9A856C4BB6395EC88E61FA91 /* Pods.release.xcconfig */ = {isa = PBXFileReference; includeInIndex = 1; lastKnownFileType = text.xcconfig; name = Pods.release.xcconfig; path = "Pods/Target Support Files/Pods/Pods.release.xcconfig"; sourceTree = "<group>"; };
		E9197D62652765BFDF68B942 /* Pods.debug.xcconfig */ = {isa = PBXFileReference; includeInIndex = 1; lastKnownFileType = text.xcconfig; name = Pods.debug.xcconfig; path = "Pods/Target Support Files/Pods/Pods.debug.xcconfig"; sourceTree = "<group>"; };
/* End PBXFileReference section */

/* Begin PBXFrameworksBuildPhase section */
		380DA5361BE5420100976988 /* Frameworks */ = {
			isa = PBXFrameworksBuildPhase;
			buildActionMask = 2147483647;
			files = (
				0465DC3F92B0CD5A9264C0B8 /* Pods.framework in Frameworks */,
			);
			runOnlyForDeploymentPostprocessing = 0;
		};
		380DA54D1BE5420100976988 /* Frameworks */ = {
			isa = PBXFrameworksBuildPhase;
			buildActionMask = 2147483647;
			files = (
			);
			runOnlyForDeploymentPostprocessing = 0;
		};
		380DA5581BE5420100976988 /* Frameworks */ = {
			isa = PBXFrameworksBuildPhase;
			buildActionMask = 2147483647;
			files = (
			);
			runOnlyForDeploymentPostprocessing = 0;
		};
/* End PBXFrameworksBuildPhase section */

/* Begin PBXGroup section */
		380DA5301BE5420100976988 = {
			isa = PBXGroup;
			children = (
				380DA53B1BE5420100976988 /* MuseumApp */,
				380DA5531BE5420100976988 /* MuseumAppTests */,
				380DA55E1BE5420100976988 /* MuseumAppUITests */,
				380DA53A1BE5420100976988 /* Products */,
				754DDF26F25F926A19B24E04 /* Pods */,
				8BC6DA1A4CA0128EFB8EAAC5 /* Frameworks */,
			);
			sourceTree = "<group>";
		};
		380DA53A1BE5420100976988 /* Products */ = {
			isa = PBXGroup;
			children = (
				380DA5391BE5420100976988 /* MuseumApp.app */,
				380DA5501BE5420100976988 /* MuseumAppTests.xctest */,
				380DA55B1BE5420100976988 /* MuseumAppUITests.xctest */,
			);
			name = Products;
			sourceTree = "<group>";
		};
		380DA53B1BE5420100976988 /* MuseumApp */ = {
			isa = PBXGroup;
			children = (
				38DD27411C1382B300470A11 /* DataModels.swift */,
				380DA53C1BE5420100976988 /* AppDelegate.swift */,
				380DA53E1BE5420100976988 /* ViewController.swift */,
				38AF091E1C1C7E4100B85F75 /* NetworkHandler.swift */,
				38AF09201C1CF9F400B85F75 /* Updater.swift */,
				38AF09241C1E049000B85F75 /* VideoManager.swift */,
				380DA5401BE5420100976988 /* Main.storyboard */,
				380DA5461BE5420100976988 /* Assets.xcassets */,
				380DA5481BE5420100976988 /* LaunchScreen.storyboard */,
				380DA54B1BE5420100976988 /* Info.plist */,
				380DA5431BE5420100976988 /* MuseumApp.xcdatamodeld */,
				38EBEB711BE6F53900B8A05A /* MainTableViewController.swift */,
				38EBEB751BE6FB9800B8A05A /* MainTableViewCell.swift */,
				382177711BEDBCEF00DF782A /* ExhibitsTableViewController.swift */,
				3821776F1BEDBCC900DF782A /* ExhibitsTableViewCell.swift */,
				38728FAD1C14CA5D00007ACE /* EventsTableViewController.swift */,
				38728FB11C14D8AF00007ACE /* EventsTableViewCell.swift */,
				38115B4A1BF6396A00CCCE6D /* Media.xcassets */,
				38728FA11C139CB700007ACE /* ExhibitViewControllerBase.swift */,
				38728FA31C139D6100007ACE /* ExhibitTextViewController.swift */,
				38728FA51C13A57800007ACE /* ExhibitImageViewController.swift */,
				38728FA71C13A58F00007ACE /* ExhibitVideoViewController.swift */,
				38AF09261C1E177D00B85F75 /* VideoPlayerViewController.swift */,
				38728FA91C13A5A600007ACE /* ExhibitAudioViewController.swift */,
				38728FAB1C13A5C300007ACE /* ExhibitWebViewController.swift */,
				38B181731C1686DA009A58B1 /* Config.xcconfig */,
			);
			path = MuseumApp;
			sourceTree = "<group>";
		};
		380DA5531BE5420100976988 /* MuseumAppTests */ = {
			isa = PBXGroup;
			children = (
				380DA5541BE5420100976988 /* MuseumAppTests.swift */,
				380DA5561BE5420100976988 /* Info.plist */,
			);
			path = MuseumAppTests;
			sourceTree = "<group>";
		};
		380DA55E1BE5420100976988 /* MuseumAppUITests */ = {
			isa = PBXGroup;
			children = (
				380DA55F1BE5420100976988 /* MuseumAppUITests.swift */,
				380DA5611BE5420100976988 /* Info.plist */,
			);
			path = MuseumAppUITests;
			sourceTree = "<group>";
		};
		754DDF26F25F926A19B24E04 /* Pods */ = {
			isa = PBXGroup;
			children = (
				E9197D62652765BFDF68B942 /* Pods.debug.xcconfig */,
				9A856C4BB6395EC88E61FA91 /* Pods.release.xcconfig */,
			);
			name = Pods;
			sourceTree = "<group>";
		};
		8BC6DA1A4CA0128EFB8EAAC5 /* Frameworks */ = {
			isa = PBXGroup;
			children = (
				5638DF4E3A8F67C9B012CCA2 /* Pods.framework */,
			);
			name = Frameworks;
			sourceTree = "<group>";
		};
/* End PBXGroup section */

/* Begin PBXNativeTarget section */
		380DA5381BE5420100976988 /* MuseumApp */ = {
			isa = PBXNativeTarget;
			buildConfigurationList = 380DA5641BE5420100976988 /* Build configuration list for PBXNativeTarget "MuseumApp" */;
			buildPhases = (
				DD89A6E5679969D1CC207CE5 /* Check Pods Manifest.lock */,
				380DA5351BE5420100976988 /* Sources */,
				380DA5361BE5420100976988 /* Frameworks */,
				380DA5371BE5420100976988 /* Resources */,
				205C7C23806161EB83E48BA6 /* Embed Pods Frameworks */,
				788096CBAB2CF23152329F3C /* Copy Pods Resources */,
			);
			buildRules = (
			);
			dependencies = (
			);
			name = MuseumApp;
			productName = MuseumApp;
			productReference = 380DA5391BE5420100976988 /* MuseumApp.app */;
			productType = "com.apple.product-type.application";
		};
		380DA54F1BE5420100976988 /* MuseumAppTests */ = {
			isa = PBXNativeTarget;
			buildConfigurationList = 380DA5671BE5420100976988 /* Build configuration list for PBXNativeTarget "MuseumAppTests" */;
			buildPhases = (
				380DA54C1BE5420100976988 /* Sources */,
				380DA54D1BE5420100976988 /* Frameworks */,
				380DA54E1BE5420100976988 /* Resources */,
			);
			buildRules = (
			);
			dependencies = (
				380DA5521BE5420100976988 /* PBXTargetDependency */,
			);
			name = MuseumAppTests;
			productName = MuseumAppTests;
			productReference = 380DA5501BE5420100976988 /* MuseumAppTests.xctest */;
			productType = "com.apple.product-type.bundle.unit-test";
		};
		380DA55A1BE5420100976988 /* MuseumAppUITests */ = {
			isa = PBXNativeTarget;
			buildConfigurationList = 380DA56A1BE5420100976988 /* Build configuration list for PBXNativeTarget "MuseumAppUITests" */;
			buildPhases = (
				380DA5571BE5420100976988 /* Sources */,
				380DA5581BE5420100976988 /* Frameworks */,
				380DA5591BE5420100976988 /* Resources */,
			);
			buildRules = (
			);
			dependencies = (
				380DA55D1BE5420100976988 /* PBXTargetDependency */,
			);
			name = MuseumAppUITests;
			productName = MuseumAppUITests;
			productReference = 380DA55B1BE5420100976988 /* MuseumAppUITests.xctest */;
			productType = "com.apple.product-type.bundle.ui-testing";
		};
/* End PBXNativeTarget section */

/* Begin PBXProject section */
		380DA5311BE5420100976988 /* Project object */ = {
			isa = PBXProject;
			attributes = {
				LastSwiftUpdateCheck = 0710;
				LastUpgradeCheck = 0710;
				ORGANIZATIONNAME = "James Payne";
				TargetAttributes = {
					380DA5381BE5420100976988 = {
						CreatedOnToolsVersion = 7.1;
						DevelopmentTeam = RYQLUQT5PF;
						SystemCapabilities = {
							com.apple.BackgroundModes = {
								enabled = 1;
							};
						};
					};
					380DA54F1BE5420100976988 = {
						CreatedOnToolsVersion = 7.1;
						TestTargetID = 380DA5381BE5420100976988;
					};
					380DA55A1BE5420100976988 = {
						CreatedOnToolsVersion = 7.1;
						TestTargetID = 380DA5381BE5420100976988;
					};
				};
			};
			buildConfigurationList = 380DA5341BE5420100976988 /* Build configuration list for PBXProject "MuseumApp" */;
			compatibilityVersion = "Xcode 3.2";
			developmentRegion = English;
			hasScannedForEncodings = 0;
			knownRegions = (
				en,
				Base,
			);
			mainGroup = 380DA5301BE5420100976988;
			productRefGroup = 380DA53A1BE5420100976988 /* Products */;
			projectDirPath = "";
			projectRoot = "";
			targets = (
				380DA5381BE5420100976988 /* MuseumApp */,
				380DA54F1BE5420100976988 /* MuseumAppTests */,
				380DA55A1BE5420100976988 /* MuseumAppUITests */,
			);
		};
/* End PBXProject section */

/* Begin PBXResourcesBuildPhase section */
		380DA5371BE5420100976988 /* Resources */ = {
			isa = PBXResourcesBuildPhase;
			buildActionMask = 2147483647;
			files = (
				380DA54A1BE5420100976988 /* LaunchScreen.storyboard in Resources */,
				380DA5471BE5420100976988 /* Assets.xcassets in Resources */,
				38115B4B1BF6396A00CCCE6D /* Media.xcassets in Resources */,
				380DA5421BE5420100976988 /* Main.storyboard in Resources */,
			);
			runOnlyForDeploymentPostprocessing = 0;
		};
		380DA54E1BE5420100976988 /* Resources */ = {
			isa = PBXResourcesBuildPhase;
			buildActionMask = 2147483647;
			files = (
			);
			runOnlyForDeploymentPostprocessing = 0;
		};
		380DA5591BE5420100976988 /* Resources */ = {
			isa = PBXResourcesBuildPhase;
			buildActionMask = 2147483647;
			files = (
			);
			runOnlyForDeploymentPostprocessing = 0;
		};
/* End PBXResourcesBuildPhase section */

/* Begin PBXShellScriptBuildPhase section */
		205C7C23806161EB83E48BA6 /* Embed Pods Frameworks */ = {
			isa = PBXShellScriptBuildPhase;
			buildActionMask = 2147483647;
			files = (
			);
			inputPaths = (
			);
			name = "Embed Pods Frameworks";
			outputPaths = (
			);
			runOnlyForDeploymentPostprocessing = 0;
			shellPath = /bin/sh;
			shellScript = "\"${SRCROOT}/Pods/Target Support Files/Pods/Pods-frameworks.sh\"\n";
			showEnvVarsInLog = 0;
		};
		788096CBAB2CF23152329F3C /* Copy Pods Resources */ = {
			isa = PBXShellScriptBuildPhase;
			buildActionMask = 2147483647;
			files = (
			);
			inputPaths = (
			);
			name = "Copy Pods Resources";
			outputPaths = (
			);
			runOnlyForDeploymentPostprocessing = 0;
			shellPath = /bin/sh;
			shellScript = "\"${SRCROOT}/Pods/Target Support Files/Pods/Pods-resources.sh\"\n";
			showEnvVarsInLog = 0;
		};
		DD89A6E5679969D1CC207CE5 /* Check Pods Manifest.lock */ = {
			isa = PBXShellScriptBuildPhase;
			buildActionMask = 2147483647;
			files = (
			);
			inputPaths = (
			);
			name = "Check Pods Manifest.lock";
			outputPaths = (
			);
			runOnlyForDeploymentPostprocessing = 0;
			shellPath = /bin/sh;
			shellScript = "diff \"${PODS_ROOT}/../Podfile.lock\" \"${PODS_ROOT}/Manifest.lock\" > /dev/null\nif [[ $? != 0 ]] ; then\n    cat << EOM\nerror: The sandbox is not in sync with the Podfile.lock. Run 'pod install' or update your CocoaPods installation.\nEOM\n    exit 1\nfi\n";
			showEnvVarsInLog = 0;
		};
/* End PBXShellScriptBuildPhase section */

/* Begin PBXSourcesBuildPhase section */
		380DA5351BE5420100976988 /* Sources */ = {
			isa = PBXSourcesBuildPhase;
			buildActionMask = 2147483647;
			files = (
				38728FA81C13A58F00007ACE /* ExhibitVideoViewController.swift in Sources */,
				38EBEB721BE6F53900B8A05A /* MainTableViewController.swift in Sources */,
				38728FAA1C13A5A600007ACE /* ExhibitAudioViewController.swift in Sources */,
				38728FA41C139D6100007ACE /* ExhibitTextViewController.swift in Sources */,
				38DD27431C13830200470A11 /* ExhibitsTableViewController.swift in Sources */,
				38AF09211C1CF9F400B85F75 /* Updater.swift in Sources */,
				38DD27421C1382B300470A11 /* DataModels.swift in Sources */,
				38728FA61C13A57800007ACE /* ExhibitImageViewController.swift in Sources */,
				38728FAC1C13A5C300007ACE /* ExhibitWebViewController.swift in Sources */,
				38728FAE1C14CA5D00007ACE /* EventsTableViewController.swift in Sources */,
				38AF091F1C1C7E4100B85F75 /* NetworkHandler.swift in Sources */,
				382177701BEDBCC900DF782A /* ExhibitsTableViewCell.swift in Sources */,
				38728FA21C139CB700007ACE /* ExhibitViewControllerBase.swift in Sources */,
				380DA53F1BE5420100976988 /* ViewController.swift in Sources */,
				38728FB21C14D8AF00007ACE /* EventsTableViewCell.swift in Sources */,
				380DA53D1BE5420100976988 /* AppDelegate.swift in Sources */,
				38AF09251C1E049000B85F75 /* VideoManager.swift in Sources */,
				38AF09271C1E177D00B85F75 /* VideoPlayerViewController.swift in Sources */,
				380DA5451BE5420100976988 /* MuseumApp.xcdatamodeld in Sources */,
				38EBEB761BE6FB9800B8A05A /* MainTableViewCell.swift in Sources */,
			);
			runOnlyForDeploymentPostprocessing = 0;
		};
		380DA54C1BE5420100976988 /* Sources */ = {
			isa = PBXSourcesBuildPhase;
			buildActionMask = 2147483647;
			files = (
				380DA5551BE5420100976988 /* MuseumAppTests.swift in Sources */,
			);
			runOnlyForDeploymentPostprocessing = 0;
		};
		380DA5571BE5420100976988 /* Sources */ = {
			isa = PBXSourcesBuildPhase;
			buildActionMask = 2147483647;
			files = (
				380DA5601BE5420100976988 /* MuseumAppUITests.swift in Sources */,
			);
			runOnlyForDeploymentPostprocessing = 0;
		};
/* End PBXSourcesBuildPhase section */

/* Begin PBXTargetDependency section */
		380DA5521BE5420100976988 /* PBXTargetDependency */ = {
			isa = PBXTargetDependency;
			target = 380DA5381BE5420100976988 /* MuseumApp */;
			targetProxy = 380DA5511BE5420100976988 /* PBXContainerItemProxy */;
		};
		380DA55D1BE5420100976988 /* PBXTargetDependency */ = {
			isa = PBXTargetDependency;
			target = 380DA5381BE5420100976988 /* MuseumApp */;
			targetProxy = 380DA55C1BE5420100976988 /* PBXContainerItemProxy */;
		};
/* End PBXTargetDependency section */

/* Begin PBXVariantGroup section */
		380DA5401BE5420100976988 /* Main.storyboard */ = {
			isa = PBXVariantGroup;
			children = (
				380DA5411BE5420100976988 /* Base */,
			);
			name = Main.storyboard;
			sourceTree = "<group>";
		};
		380DA5481BE5420100976988 /* LaunchScreen.storyboard */ = {
			isa = PBXVariantGroup;
			children = (
				380DA5491BE5420100976988 /* Base */,
			);
			name = LaunchScreen.storyboard;
			sourceTree = "<group>";
		};
/* End PBXVariantGroup section */

/* Begin XCBuildConfiguration section */
		380DA5621BE5420100976988 /* Debug */ = {
			isa = XCBuildConfiguration;
			baseConfigurationReference = 38B181731C1686DA009A58B1 /* Config.xcconfig */;
			buildSettings = {
				ALWAYS_SEARCH_USER_PATHS = NO;
				CLANG_CXX_LANGUAGE_STANDARD = "gnu++0x";
				CLANG_CXX_LIBRARY = "libc++";
				CLANG_ENABLE_MODULES = YES;
				CLANG_ENABLE_OBJC_ARC = YES;
				CLANG_WARN_BOOL_CONVERSION = YES;
				CLANG_WARN_CONSTANT_CONVERSION = YES;
				CLANG_WARN_DIRECT_OBJC_ISA_USAGE = YES_ERROR;
				CLANG_WARN_EMPTY_BODY = YES;
				CLANG_WARN_ENUM_CONVERSION = YES;
				CLANG_WARN_INT_CONVERSION = YES;
				CLANG_WARN_OBJC_ROOT_CLASS = YES_ERROR;
				CLANG_WARN_UNREACHABLE_CODE = YES;
				CLANG_WARN__DUPLICATE_METHOD_MATCH = YES;
				"CODE_SIGN_IDENTITY[sdk=iphoneos*]" = "iPhone Developer";
				COPY_PHASE_STRIP = NO;
				DEBUG_INFORMATION_FORMAT = dwarf;
				ENABLE_STRICT_OBJC_MSGSEND = YES;
				ENABLE_TESTABILITY = YES;
				GCC_C_LANGUAGE_STANDARD = gnu99;
				GCC_DYNAMIC_NO_PIC = NO;
				GCC_NO_COMMON_BLOCKS = YES;
				GCC_OPTIMIZATION_LEVEL = 0;
				GCC_PREPROCESSOR_DEFINITIONS = (
					"DEBUG=1",
					"$(inherited)",
				);
				GCC_WARN_64_TO_32_BIT_CONVERSION = YES;
				GCC_WARN_ABOUT_RETURN_TYPE = YES_ERROR;
				GCC_WARN_UNDECLARED_SELECTOR = YES;
				GCC_WARN_UNINITIALIZED_AUTOS = YES_AGGRESSIVE;
				GCC_WARN_UNUSED_FUNCTION = YES;
				GCC_WARN_UNUSED_VARIABLE = YES;
				IPHONEOS_DEPLOYMENT_TARGET = 9.1;
				MTL_ENABLE_DEBUG_INFO = YES;
				ONLY_ACTIVE_ARCH = YES;
				SDKROOT = iphoneos;
				SWIFT_OPTIMIZATION_LEVEL = "-Onone";
			};
			name = Debug;
		};
		380DA5631BE5420100976988 /* Release */ = {
			isa = XCBuildConfiguration;
			baseConfigurationReference = 38B181731C1686DA009A58B1 /* Config.xcconfig */;
			buildSettings = {
				ALWAYS_SEARCH_USER_PATHS = NO;
				CLANG_CXX_LANGUAGE_STANDARD = "gnu++0x";
				CLANG_CXX_LIBRARY = "libc++";
				CLANG_ENABLE_MODULES = YES;
				CLANG_ENABLE_OBJC_ARC = YES;
				CLANG_WARN_BOOL_CONVERSION = YES;
				CLANG_WARN_CONSTANT_CONVERSION = YES;
				CLANG_WARN_DIRECT_OBJC_ISA_USAGE = YES_ERROR;
				CLANG_WARN_EMPTY_BODY = YES;
				CLANG_WARN_ENUM_CONVERSION = YES;
				CLANG_WARN_INT_CONVERSION = YES;
				CLANG_WARN_OBJC_ROOT_CLASS = YES_ERROR;
				CLANG_WARN_UNREACHABLE_CODE = YES;
				CLANG_WARN__DUPLICATE_METHOD_MATCH = YES;
				"CODE_SIGN_IDENTITY[sdk=iphoneos*]" = "iPhone Developer";
				COPY_PHASE_STRIP = NO;
				DEBUG_INFORMATION_FORMAT = "dwarf-with-dsym";
				ENABLE_NS_ASSERTIONS = NO;
				ENABLE_STRICT_OBJC_MSGSEND = YES;
				GCC_C_LANGUAGE_STANDARD = gnu99;
				GCC_NO_COMMON_BLOCKS = YES;
				GCC_WARN_64_TO_32_BIT_CONVERSION = YES;
				GCC_WARN_ABOUT_RETURN_TYPE = YES_ERROR;
				GCC_WARN_UNDECLARED_SELECTOR = YES;
				GCC_WARN_UNINITIALIZED_AUTOS = YES_AGGRESSIVE;
				GCC_WARN_UNUSED_FUNCTION = YES;
				GCC_WARN_UNUSED_VARIABLE = YES;
				IPHONEOS_DEPLOYMENT_TARGET = 9.1;
				MTL_ENABLE_DEBUG_INFO = NO;
				SDKROOT = iphoneos;
				VALIDATE_PRODUCT = YES;
			};
			name = Release;
		};
		380DA5651BE5420100976988 /* Debug */ = {
			isa = XCBuildConfiguration;
			baseConfigurationReference = E9197D62652765BFDF68B942 /* Pods.debug.xcconfig */;
			buildSettings = {
				ASSETCATALOG_COMPILER_APPICON_NAME = AppIcon;
				CODE_SIGN_IDENTITY = "iPhone Developer";
				"CODE_SIGN_IDENTITY[sdk=iphoneos*]" = "iPhone Developer";
				INFOPLIST_FILE = MuseumApp/Info.plist;
				IPHONEOS_DEPLOYMENT_TARGET = 9.0;
				LD_RUNPATH_SEARCH_PATHS = "$(inherited) @executable_path/Frameworks";
				PRODUCT_BUNDLE_IDENTIFIER = com.payne.ios.MuseumApp;
				PRODUCT_NAME = "$(TARGET_NAME)";
				PROVISIONING_PROFILE = "";
				TARGETED_DEVICE_FAMILY = "1,2";
			};
			name = Debug;
		};
		380DA5661BE5420100976988 /* Release */ = {
			isa = XCBuildConfiguration;
			baseConfigurationReference = 9A856C4BB6395EC88E61FA91 /* Pods.release.xcconfig */;
			buildSettings = {
				ASSETCATALOG_COMPILER_APPICON_NAME = AppIcon;
				CODE_SIGN_IDENTITY = "iPhone Developer";
				"CODE_SIGN_IDENTITY[sdk=iphoneos*]" = "iPhone Developer";
				INFOPLIST_FILE = MuseumApp/Info.plist;
				IPHONEOS_DEPLOYMENT_TARGET = 9.0;
				LD_RUNPATH_SEARCH_PATHS = "$(inherited) @executable_path/Frameworks";
				PRODUCT_BUNDLE_IDENTIFIER = com.payne.ios.MuseumApp;
				PRODUCT_NAME = "$(TARGET_NAME)";
				PROVISIONING_PROFILE = "";
				TARGETED_DEVICE_FAMILY = "1,2";
			};
			name = Release;
		};
		380DA5681BE5420100976988 /* Debug */ = {
			isa = XCBuildConfiguration;
			buildSettings = {
				BUNDLE_LOADER = "$(TEST_HOST)";
				INFOPLIST_FILE = MuseumAppTests/Info.plist;
				LD_RUNPATH_SEARCH_PATHS = "$(inherited) @executable_path/Frameworks @loader_path/Frameworks";
				PRODUCT_BUNDLE_IDENTIFIER = com.payne.ios.MuseumAppTests;
				PRODUCT_NAME = "$(TARGET_NAME)";
				TEST_HOST = "$(BUILT_PRODUCTS_DIR)/MuseumApp.app/MuseumApp";
			};
			name = Debug;
		};
		380DA5691BE5420100976988 /* Release */ = {
			isa = XCBuildConfiguration;
			buildSettings = {
				BUNDLE_LOADER = "$(TEST_HOST)";
				INFOPLIST_FILE = MuseumAppTests/Info.plist;
				LD_RUNPATH_SEARCH_PATHS = "$(inherited) @executable_path/Frameworks @loader_path/Frameworks";
				PRODUCT_BUNDLE_IDENTIFIER = com.payne.ios.MuseumAppTests;
				PRODUCT_NAME = "$(TARGET_NAME)";
				TEST_HOST = "$(BUILT_PRODUCTS_DIR)/MuseumApp.app/MuseumApp";
			};
			name = Release;
		};
		380DA56B1BE5420100976988 /* Debug */ = {
			isa = XCBuildConfiguration;
			buildSettings = {
				INFOPLIST_FILE = MuseumAppUITests/Info.plist;
				LD_RUNPATH_SEARCH_PATHS = "$(inherited) @executable_path/Frameworks @loader_path/Frameworks";
				PRODUCT_BUNDLE_IDENTIFIER = com.payne.ios.MuseumAppUITests;
				PRODUCT_NAME = "$(TARGET_NAME)";
				TEST_TARGET_NAME = MuseumApp;
				USES_XCTRUNNER = YES;
			};
			name = Debug;
		};
		380DA56C1BE5420100976988 /* Release */ = {
			isa = XCBuildConfiguration;
			buildSettings = {
				INFOPLIST_FILE = MuseumAppUITests/Info.plist;
				LD_RUNPATH_SEARCH_PATHS = "$(inherited) @executable_path/Frameworks @loader_path/Frameworks";
				PRODUCT_BUNDLE_IDENTIFIER = com.payne.ios.MuseumAppUITests;
				PRODUCT_NAME = "$(TARGET_NAME)";
				TEST_TARGET_NAME = MuseumApp;
				USES_XCTRUNNER = YES;
			};
			name = Release;
		};
/* End XCBuildConfiguration section */

/* Begin XCConfigurationList section */
		380DA5341BE5420100976988 /* Build configuration list for PBXProject "MuseumApp" */ = {
			isa = XCConfigurationList;
			buildConfigurations = (
				380DA5621BE5420100976988 /* Debug */,
				380DA5631BE5420100976988 /* Release */,
			);
			defaultConfigurationIsVisible = 0;
			defaultConfigurationName = Release;
		};
		380DA5641BE5420100976988 /* Build configuration list for PBXNativeTarget "MuseumApp" */ = {
			isa = XCConfigurationList;
			buildConfigurations = (
				380DA5651BE5420100976988 /* Debug */,
				380DA5661BE5420100976988 /* Release */,
			);
			defaultConfigurationIsVisible = 0;
			defaultConfigurationName = Release;
		};
		380DA5671BE5420100976988 /* Build configuration list for PBXNativeTarget "MuseumAppTests" */ = {
			isa = XCConfigurationList;
			buildConfigurations = (
				380DA5681BE5420100976988 /* Debug */,
				380DA5691BE5420100976988 /* Release */,
			);
			defaultConfigurationIsVisible = 0;
			defaultConfigurationName = Release;
		};
		380DA56A1BE5420100976988 /* Build configuration list for PBXNativeTarget "MuseumAppUITests" */ = {
			isa = XCConfigurationList;
			buildConfigurations = (
				380DA56B1BE5420100976988 /* Debug */,
				380DA56C1BE5420100976988 /* Release */,
			);
			defaultConfigurationIsVisible = 0;
			defaultConfigurationName = Release;
		};
/* End XCConfigurationList section */

/* Begin XCVersionGroup section */
		380DA5431BE5420100976988 /* MuseumApp.xcdatamodeld */ = {
			isa = XCVersionGroup;
			children = (
				380DA5441BE5420100976988 /* MuseumApp.xcdatamodel */,
			);
			currentVersion = 380DA5441BE5420100976988 /* MuseumApp.xcdatamodel */;
			path = MuseumApp.xcdatamodeld;
			sourceTree = "<group>";
			versionGroupType = wrapper.xcdatamodel;
		};
/* End XCVersionGroup section */
	};
	rootObject = 380DA5311BE5420100976988 /* Project object */;
}
